
Microsoft Visual Studio Solution File, Format Version 12.00
# Visual Studio Version 16
VisualStudioVersion = 16.0.31205.134
MinimumVisualStudioVersion = 10.0.40219.1
Project("{FAE04EC0-301F-11D3-BF4B-00C04F79EFBC}") = "UI", "UI\UI.csproj", "{93377E3B-7D14-4405-AF4C-B217D712B00B}"
EndProject
Global
	GlobalSection(SolutionConfigurationPlatforms) = preSolution
		Debug|Any CPU = Debug|Any CPU
		Release|Any CPU = Release|Any CPU
	EndGlobalSection
	GlobalSection(ProjectConfigurationPlatforms) = postSolution
		{93377E3B-7D14-4405-AF4C-B217D712B00B}.Debug|Any CPU.ActiveCfg = Debug|Any CPU
		{93377E3B-7D14-4405-AF4C-B217D712B00B}.Debug|Any CPU.Build.0 = Debug|Any CPU
		{93377E3B-7D14-4405-AF4C-B217D712B00B}.Release|Any CPU.ActiveCfg = Release|Any CPU
		{93377E3B-7D14-4405-AF4C-B217D712B00B}.Release|Any CPU.Build.0 = Release|Any CPU
	EndGlobalSection
	GlobalSection(SolutionProperties) = preSolution
		HideSolutionNode = FALSE
	EndGlobalSection
	GlobalSection(ExtensibilityGlobals) = postSolution
		SolutionGuid = {7FC5C3F7-232A-42D8-959B-8F9ADE3DA5B2}
	EndGlobalSection
EndGlobal
